// !$*UTF8*$!
{
	archiveVersion = 1;
	classes = {
	};
	objectVersion = 46;
	objects = {

/* Begin PBXBuildFile section */
		9EE285F90983B916D48AB703 /* Pods.framework in Frameworks */ = {isa = PBXBuildFile; fileRef = E26091E477F07299C6CCB35E /* Pods.framework */; settings = {ATTRIBUTES = (Weak, ); }; };
		D90127C81B70E6C30008C085 /* TTUser.swift in Sources */ = {isa = PBXBuildFile; fileRef = D90127C71B70E6C30008C085 /* TTUser.swift */; };
		D90127CB1B7101420008C085 /* NuevaAudienciaTableViewController.swift in Sources */ = {isa = PBXBuildFile; fileRef = D90127CA1B7101420008C085 /* NuevaAudienciaTableViewController.swift */; };
		D90288B01B6BB3D9001768E3 /* DynamicBlurView.swift in Sources */ = {isa = PBXBuildFile; fileRef = D90288AF1B6BB3D9001768E3 /* DynamicBlurView.swift */; };
		D92685861B66F66F0041F949 /* AppDelegate.swift in Sources */ = {isa = PBXBuildFile; fileRef = D92685851B66F66F0041F949 /* AppDelegate.swift */; };
		D92685891B66F66F0041F949 /* Calendario_de_Audiencias_INDERT.xcdatamodeld in Sources */ = {isa = PBXBuildFile; fileRef = D92685871B66F66F0041F949 /* Calendario_de_Audiencias_INDERT.xcdatamodeld */; };
		D926858E1B66F66F0041F949 /* Main.storyboard in Resources */ = {isa = PBXBuildFile; fileRef = D926858C1B66F66F0041F949 /* Main.storyboard */; };
		D92685931B66F66F0041F949 /* LaunchScreen.xib in Resources */ = {isa = PBXBuildFile; fileRef = D92685911B66F66F0041F949 /* LaunchScreen.xib */; };
		D926859F1B66F66F0041F949 /* Calendario_de_Audiencias_INDERTTests.swift in Sources */ = {isa = PBXBuildFile; fileRef = D926859E1B66F66F0041F949 /* Calendario_de_Audiencias_INDERTTests.swift */; };
		D93CE5221B701E9D007E4A86 /* Images.xcassets in Resources */ = {isa = PBXBuildFile; fileRef = D93CE5211B701E9D007E4A86 /* Images.xcassets */; };
		D97F264C1B682D5B00BC8DEE /* Alamofire-SwiftyJSON.swift in Sources */ = {isa = PBXBuildFile; fileRef = D97F264B1B682D5B00BC8DEE /* Alamofire-SwiftyJSON.swift */; };
		D99DBB761B67AB3100CA8BF3 /* NuevaAudienciaViewController.swift in Sources */ = {isa = PBXBuildFile; fileRef = D99DBB751B67AB3100CA8BF3 /* NuevaAudienciaViewController.swift */; };
		D99DBB781B67B68700CA8BF3 /* TTAudiencia.swift in Sources */ = {isa = PBXBuildFile; fileRef = D99DBB771B67B68700CA8BF3 /* TTAudiencia.swift */; };
		D99DBB7B1B67B78700CA8BF3 /* TTExtensions.swift in Sources */ = {isa = PBXBuildFile; fileRef = D99DBB7A1B67B78700CA8BF3 /* TTExtensions.swift */; };
		D99DBB7D1B67BEB900CA8BF3 /* TTAudiencias.swift in Sources */ = {isa = PBXBuildFile; fileRef = D99DBB7C1B67BEB900CA8BF3 /* TTAudiencias.swift */; };
		D99DBB7F1B681AA000CA8BF3 /* VerAudienciaViewController.swift in Sources */ = {isa = PBXBuildFile; fileRef = D99DBB7E1B681AA000CA8BF3 /* VerAudienciaViewController.swift */; };
		D99DBB821B681E7600CA8BF3 /* TTApi.swift in Sources */ = {isa = PBXBuildFile; fileRef = D99DBB811B681E7600CA8BF3 /* TTApi.swift */; };
		D9A1180A1B66F95400AEBE3F /* LoginViewController.swift in Sources */ = {isa = PBXBuildFile; fileRef = D9A118091B66F95400AEBE3F /* LoginViewController.swift */; };
		D9A118111B66FAC400AEBE3F /* PerfilViewController.swift in Sources */ = {isa = PBXBuildFile; fileRef = D9A118101B66FAC400AEBE3F /* PerfilViewController.swift */; };
		D9A118141B66FAE200AEBE3F /* MainViewController.swift in Sources */ = {isa = PBXBuildFile; fileRef = D9A118131B66FAE200AEBE3F /* MainViewController.swift */; };
		D9A118171B67021F00AEBE3F /* AudienciasTableViewCell.swift in Sources */ = {isa = PBXBuildFile; fileRef = D9A118161B67021F00AEBE3F /* AudienciasTableViewCell.swift */; };
		D9A118191B67026800AEBE3F /* Podfile in Resources */ = {isa = PBXBuildFile; fileRef = D9A118181B67026800AEBE3F /* Podfile */; };
		D9A1181E1B67125100AEBE3F /* RecuperarPassViewController.swift in Sources */ = {isa = PBXBuildFile; fileRef = D9A1181D1B67125100AEBE3F /* RecuperarPassViewController.swift */; };
/* End PBXBuildFile section */

/* Begin PBXContainerItemProxy section */
		D92685991B66F66F0041F949 /* PBXContainerItemProxy */ = {
			isa = PBXContainerItemProxy;
			containerPortal = D92685781B66F66F0041F949 /* Project object */;
			proxyType = 1;
			remoteGlobalIDString = D926857F1B66F66F0041F949;
			remoteInfo = "Calendario de Audiencias INDERT";
		};
/* End PBXContainerItemProxy section */

/* Begin PBXFileReference section */
		14F16E17375A9776961C9292 /* Pods.release.xcconfig */ = {isa = PBXFileReference; includeInIndex = 1; lastKnownFileType = text.xcconfig; name = Pods.release.xcconfig; path = "Calendario de Audiencias INDERT/Pods/Target Support Files/Pods/Pods.release.xcconfig"; sourceTree = "<group>"; };
		5FA5A3AD867B6E7F0F5B3815 /* Pods.debug.xcconfig */ = {isa = PBXFileReference; includeInIndex = 1; lastKnownFileType = text.xcconfig; name = Pods.debug.xcconfig; path = "Calendario de Audiencias INDERT/Pods/Target Support Files/Pods/Pods.debug.xcconfig"; sourceTree = "<group>"; };
		D90127C71B70E6C30008C085 /* TTUser.swift */ = {isa = PBXFileReference; fileEncoding = 4; lastKnownFileType = sourcecode.swift; path = TTUser.swift; sourceTree = "<group>"; };
		D90127CA1B7101420008C085 /* NuevaAudienciaTableViewController.swift */ = {isa = PBXFileReference; fileEncoding = 4; lastKnownFileType = sourcecode.swift; path = NuevaAudienciaTableViewController.swift; sourceTree = "<group>"; };
		D90288AF1B6BB3D9001768E3 /* DynamicBlurView.swift */ = {isa = PBXFileReference; fileEncoding = 4; lastKnownFileType = sourcecode.swift; path = DynamicBlurView.swift; sourceTree = "<group>"; };
		D92685801B66F66F0041F949 /* Calendario de Audiencias INDERT.app */ = {isa = PBXFileReference; explicitFileType = wrapper.application; includeInIndex = 0; path = "Calendario de Audiencias INDERT.app"; sourceTree = BUILT_PRODUCTS_DIR; };
		D92685841B66F66F0041F949 /* Info.plist */ = {isa = PBXFileReference; lastKnownFileType = text.plist.xml; path = Info.plist; sourceTree = "<group>"; };
		D92685851B66F66F0041F949 /* AppDelegate.swift */ = {isa = PBXFileReference; lastKnownFileType = sourcecode.swift; path = AppDelegate.swift; sourceTree = "<group>"; };
		D92685881B66F66F0041F949 /* Calendario_de_Audiencias_INDERT.xcdatamodel */ = {isa = PBXFileReference; lastKnownFileType = wrapper.xcdatamodel; path = Calendario_de_Audiencias_INDERT.xcdatamodel; sourceTree = "<group>"; };
		D926858D1B66F66F0041F949 /* Base */ = {isa = PBXFileReference; lastKnownFileType = file.storyboard; name = Base; path = Base.lproj/Main.storyboard; sourceTree = "<group>"; };
		D92685921B66F66F0041F949 /* Base */ = {isa = PBXFileReference; lastKnownFileType = file.xib; name = Base; path = Base.lproj/LaunchScreen.xib; sourceTree = "<group>"; };
		D92685981B66F66F0041F949 /* Calendario de Audiencias INDERTTests.xctest */ = {isa = PBXFileReference; explicitFileType = wrapper.cfbundle; includeInIndex = 0; path = "Calendario de Audiencias INDERTTests.xctest"; sourceTree = BUILT_PRODUCTS_DIR; };
		D926859D1B66F66F0041F949 /* Info.plist */ = {isa = PBXFileReference; lastKnownFileType = text.plist.xml; path = Info.plist; sourceTree = "<group>"; };
		D926859E1B66F66F0041F949 /* Calendario_de_Audiencias_INDERTTests.swift */ = {isa = PBXFileReference; lastKnownFileType = sourcecode.swift; path = Calendario_de_Audiencias_INDERTTests.swift; sourceTree = "<group>"; };
		D93CE5211B701E9D007E4A86 /* Images.xcassets */ = {isa = PBXFileReference; lastKnownFileType = folder.assetcatalog; path = Images.xcassets; sourceTree = "<group>"; };
		D97F264B1B682D5B00BC8DEE /* Alamofire-SwiftyJSON.swift */ = {isa = PBXFileReference; fileEncoding = 4; lastKnownFileType = sourcecode.swift; path = "Alamofire-SwiftyJSON.swift"; sourceTree = "<group>"; };
		D99DBB751B67AB3100CA8BF3 /* NuevaAudienciaViewController.swift */ = {isa = PBXFileReference; fileEncoding = 4; lastKnownFileType = sourcecode.swift; path = NuevaAudienciaViewController.swift; sourceTree = "<group>"; };
		D99DBB771B67B68700CA8BF3 /* TTAudiencia.swift */ = {isa = PBXFileReference; fileEncoding = 4; lastKnownFileType = sourcecode.swift; path = TTAudiencia.swift; sourceTree = "<group>"; };
		D99DBB7A1B67B78700CA8BF3 /* TTExtensions.swift */ = {isa = PBXFileReference; fileEncoding = 4; lastKnownFileType = sourcecode.swift; path = TTExtensions.swift; sourceTree = "<group>"; };
		D99DBB7C1B67BEB900CA8BF3 /* TTAudiencias.swift */ = {isa = PBXFileReference; fileEncoding = 4; lastKnownFileType = sourcecode.swift; path = TTAudiencias.swift; sourceTree = "<group>"; };
		D99DBB7E1B681AA000CA8BF3 /* VerAudienciaViewController.swift */ = {isa = PBXFileReference; fileEncoding = 4; lastKnownFileType = sourcecode.swift; path = VerAudienciaViewController.swift; sourceTree = "<group>"; };
		D99DBB811B681E7600CA8BF3 /* TTApi.swift */ = {isa = PBXFileReference; fileEncoding = 4; lastKnownFileType = sourcecode.swift; path = TTApi.swift; sourceTree = "<group>"; };
		D9A118091B66F95400AEBE3F /* LoginViewController.swift */ = {isa = PBXFileReference; fileEncoding = 4; lastKnownFileType = sourcecode.swift; path = LoginViewController.swift; sourceTree = "<group>"; };
		D9A118101B66FAC400AEBE3F /* PerfilViewController.swift */ = {isa = PBXFileReference; fileEncoding = 4; lastKnownFileType = sourcecode.swift; path = PerfilViewController.swift; sourceTree = "<group>"; };
		D9A118131B66FAE200AEBE3F /* MainViewController.swift */ = {isa = PBXFileReference; fileEncoding = 4; lastKnownFileType = sourcecode.swift; path = MainViewController.swift; sourceTree = "<group>"; };
		D9A118161B67021F00AEBE3F /* AudienciasTableViewCell.swift */ = {isa = PBXFileReference; fileEncoding = 4; lastKnownFileType = sourcecode.swift; path = AudienciasTableViewCell.swift; sourceTree = "<group>"; };
		D9A118181B67026800AEBE3F /* Podfile */ = {isa = PBXFileReference; fileEncoding = 4; lastKnownFileType = text; path = Podfile; sourceTree = "<group>"; xcLanguageSpecificationIdentifier = xcode.lang.ruby; };
		D9A1181D1B67125100AEBE3F /* RecuperarPassViewController.swift */ = {isa = PBXFileReference; fileEncoding = 4; lastKnownFileType = sourcecode.swift; path = RecuperarPassViewController.swift; sourceTree = "<group>"; };
		E26091E477F07299C6CCB35E /* Pods.framework */ = {isa = PBXFileReference; explicitFileType = wrapper.framework; includeInIndex = 0; path = Pods.framework; sourceTree = BUILT_PRODUCTS_DIR; };
/* End PBXFileReference section */

/* Begin PBXFrameworksBuildPhase section */
		D926857D1B66F66F0041F949 /* Frameworks */ = {
			isa = PBXFrameworksBuildPhase;
			buildActionMask = 2147483647;
			files = (
				9EE285F90983B916D48AB703 /* Pods.framework in Frameworks */,
			);
			runOnlyForDeploymentPostprocessing = 0;
		};
		D92685951B66F66F0041F949 /* Frameworks */ = {
			isa = PBXFrameworksBuildPhase;
			buildActionMask = 2147483647;
			files = (
			);
			runOnlyForDeploymentPostprocessing = 0;
		};
/* End PBXFrameworksBuildPhase section */

/* Begin PBXGroup section */
		3E021B9DB3BA1DC3D9A46B43 /* Pods */ = {
			isa = PBXGroup;
			children = (
				5FA5A3AD867B6E7F0F5B3815 /* Pods.debug.xcconfig */,
				14F16E17375A9776961C9292 /* Pods.release.xcconfig */,
			);
			name = Pods;
			sourceTree = "<group>";
		};
		B8805D8AF3CA8271A3048487 /* Frameworks */ = {
			isa = PBXGroup;
			children = (
				E26091E477F07299C6CCB35E /* Pods.framework */,
			);
			name = Frameworks;
			sourceTree = "<group>";
		};
		D90127C91B70E6CA0008C085 /* User */ = {
			isa = PBXGroup;
			children = (
				D90127C71B70E6C30008C085 /* TTUser.swift */,
			);
			name = User;
			sourceTree = "<group>";
		};
		D90127CC1B7101500008C085 /* Old */ = {
			isa = PBXGroup;
			children = (
				D99DBB751B67AB3100CA8BF3 /* NuevaAudienciaViewController.swift */,
			);
			name = Old;
			sourceTree = "<group>";
		};
		D90127CD1B7101590008C085 /* Table View */ = {
			isa = PBXGroup;
			children = (
				D90127CA1B7101420008C085 /* NuevaAudienciaTableViewController.swift */,
			);
			name = "Table View";
			sourceTree = "<group>";
		};
		D92685771B66F66F0041F949 = {
			isa = PBXGroup;
			children = (
				D92685821B66F66F0041F949 /* Calendario de Audiencias INDERT */,
				D926859B1B66F66F0041F949 /* Calendario de Audiencias INDERTTests */,
				D92685811B66F66F0041F949 /* Products */,
				3E021B9DB3BA1DC3D9A46B43 /* Pods */,
				B8805D8AF3CA8271A3048487 /* Frameworks */,
			);
			sourceTree = "<group>";
		};
		D92685811B66F66F0041F949 /* Products */ = {
			isa = PBXGroup;
			children = (
				D92685801B66F66F0041F949 /* Calendario de Audiencias INDERT.app */,
				D92685981B66F66F0041F949 /* Calendario de Audiencias INDERTTests.xctest */,
			);
			name = Products;
			sourceTree = "<group>";
		};
		D92685821B66F66F0041F949 /* Calendario de Audiencias INDERT */ = {
			isa = PBXGroup;
			children = (
				D9A118071B66F92200AEBE3F /* GUI */,
				D92685871B66F66F0041F949 /* Calendario_de_Audiencias_INDERT.xcdatamodeld */,
				D92685831B66F66F0041F949 /* Supporting Files */,
				D99DBB791B67B68F00CA8BF3 /* Clase Audiencia */,
			);
			path = "Calendario de Audiencias INDERT";
			sourceTree = "<group>";
		};
		D92685831B66F66F0041F949 /* Supporting Files */ = {
			isa = PBXGroup;
			children = (
				D93CE5211B701E9D007E4A86 /* Images.xcassets */,
				D90288AF1B6BB3D9001768E3 /* DynamicBlurView.swift */,
				D92685851B66F66F0041F949 /* AppDelegate.swift */,
				D92685841B66F66F0041F949 /* Info.plist */,
				D9A118181B67026800AEBE3F /* Podfile */,
				D99DBB831B681E7A00CA8BF3 /* API */,
				D90127C91B70E6CA0008C085 /* User */,
			);
			name = "Supporting Files";
			sourceTree = "<group>";
		};
		D926859B1B66F66F0041F949 /* Calendario de Audiencias INDERTTests */ = {
			isa = PBXGroup;
			children = (
				D926859E1B66F66F0041F949 /* Calendario_de_Audiencias_INDERTTests.swift */,
				D926859C1B66F66F0041F949 /* Supporting Files */,
			);
			path = "Calendario de Audiencias INDERTTests";
			sourceTree = "<group>";
		};
		D926859C1B66F66F0041F949 /* Supporting Files */ = {
			isa = PBXGroup;
			children = (
				D926859D1B66F66F0041F949 /* Info.plist */,
			);
			name = "Supporting Files";
			sourceTree = "<group>";
		};
		D99DBB741B67AB1900CA8BF3 /* Nueva Audiencia */ = {
			isa = PBXGroup;
			children = (
				D90127CD1B7101590008C085 /* Table View */,
				D90127CC1B7101500008C085 /* Old */,
			);
			name = "Nueva Audiencia";
			sourceTree = "<group>";
		};
		D99DBB791B67B68F00CA8BF3 /* Clase Audiencia */ = {
			isa = PBXGroup;
			children = (
				D99DBB771B67B68700CA8BF3 /* TTAudiencia.swift */,
				D99DBB7A1B67B78700CA8BF3 /* TTExtensions.swift */,
				D99DBB7C1B67BEB900CA8BF3 /* TTAudiencias.swift */,
			);
			name = "Clase Audiencia";
			sourceTree = "<group>";
		};
		D99DBB801B681AA300CA8BF3 /* Ver Audiencia */ = {
			isa = PBXGroup;
			children = (
				D99DBB7E1B681AA000CA8BF3 /* VerAudienciaViewController.swift */,
			);
			name = "Ver Audiencia";
			sourceTree = "<group>";
		};
		D99DBB831B681E7A00CA8BF3 /* API */ = {
			isa = PBXGroup;
			children = (
				D97F264B1B682D5B00BC8DEE /* Alamofire-SwiftyJSON.swift */,
				D99DBB811B681E7600CA8BF3 /* TTApi.swift */,
			);
			name = API;
			sourceTree = "<group>";
		};
		D9A118071B66F92200AEBE3F /* GUI */ = {
			isa = PBXGroup;
			children = (
				D92685911B66F66F0041F949 /* LaunchScreen.xib */,
				D926858C1B66F66F0041F949 /* Main.storyboard */,
				D99DBB801B681AA300CA8BF3 /* Ver Audiencia */,
				D99DBB741B67AB1900CA8BF3 /* Nueva Audiencia */,
				D9A1181A1B6711FF00AEBE3F /* Recuperar Pass */,
				D9A118081B66F93200AEBE3F /* Login */,
				D9A118121B66FAC800AEBE3F /* Perfil */,
				D9A1180D1B66F97400AEBE3F /* Main View */,
			);
			name = GUI;
			sourceTree = "<group>";
		};
		D9A118081B66F93200AEBE3F /* Login */ = {
			isa = PBXGroup;
			children = (
				D9A118091B66F95400AEBE3F /* LoginViewController.swift */,
			);
			name = Login;
			sourceTree = "<group>";
		};
		D9A1180D1B66F97400AEBE3F /* Main View */ = {
			isa = PBXGroup;
			children = (
				D9A118131B66FAE200AEBE3F /* MainViewController.swift */,
				D9A118151B6701F600AEBE3F /* AudienciasTableView */,
			);
			name = "Main View";
			sourceTree = "<group>";
		};
		D9A118121B66FAC800AEBE3F /* Perfil */ = {
			isa = PBXGroup;
			children = (
				D9A118101B66FAC400AEBE3F /* PerfilViewController.swift */,
			);
			name = Perfil;
			sourceTree = "<group>";
		};
		D9A118151B6701F600AEBE3F /* AudienciasTableView */ = {
			isa = PBXGroup;
			children = (
				D9A118161B67021F00AEBE3F /* AudienciasTableViewCell.swift */,
			);
			name = AudienciasTableView;
			sourceTree = "<group>";
		};
		D9A1181A1B6711FF00AEBE3F /* Recuperar Pass */ = {
			isa = PBXGroup;
			children = (
				D9A1181D1B67125100AEBE3F /* RecuperarPassViewController.swift */,
			);
			name = "Recuperar Pass";
			sourceTree = "<group>";
		};
/* End PBXGroup section */

/* Begin PBXNativeTarget section */
		D926857F1B66F66F0041F949 /* Calendario de Audiencias INDERT */ = {
			isa = PBXNativeTarget;
			buildConfigurationList = D92685A21B66F66F0041F949 /* Build configuration list for PBXNativeTarget "Calendario de Audiencias INDERT" */;
			buildPhases = (
				302736085F43391512A861B2 /* Check Pods Manifest.lock */,
				D926857C1B66F66F0041F949 /* Sources */,
				D926857D1B66F66F0041F949 /* Frameworks */,
				D926857E1B66F66F0041F949 /* Resources */,
				8B997DF72079A4E901E15182 /* Embed Pods Frameworks */,
				11571003F8084606ECC469A6 /* Copy Pods Resources */,
			);
			buildRules = (
			);
			dependencies = (
			);
			name = "Calendario de Audiencias INDERT";
			productName = "Calendario de Audiencias INDERT";
			productReference = D92685801B66F66F0041F949 /* Calendario de Audiencias INDERT.app */;
			productType = "com.apple.product-type.application";
		};
		D92685971B66F66F0041F949 /* Calendario de Audiencias INDERTTests */ = {
			isa = PBXNativeTarget;
			buildConfigurationList = D92685A51B66F66F0041F949 /* Build configuration list for PBXNativeTarget "Calendario de Audiencias INDERTTests" */;
			buildPhases = (
				D92685941B66F66F0041F949 /* Sources */,
				D92685951B66F66F0041F949 /* Frameworks */,
				D92685961B66F66F0041F949 /* Resources */,
			);
			buildRules = (
			);
			dependencies = (
				D926859A1B66F66F0041F949 /* PBXTargetDependency */,
			);
			name = "Calendario de Audiencias INDERTTests";
			productName = "Calendario de Audiencias INDERTTests";
			productReference = D92685981B66F66F0041F949 /* Calendario de Audiencias INDERTTests.xctest */;
			productType = "com.apple.product-type.bundle.unit-test";
		};
/* End PBXNativeTarget section */

/* Begin PBXProject section */
		D92685781B66F66F0041F949 /* Project object */ = {
			isa = PBXProject;
			attributes = {
				LastSwiftUpdateCheck = 0700;
				LastUpgradeCheck = 0640;
				ORGANIZATIONNAME = "Tacuara Technologies";
				TargetAttributes = {
					D926857F1B66F66F0041F949 = {
						CreatedOnToolsVersion = 6.4;
						DevelopmentTeam = P5FUN8DH8K;
					};
					D92685971B66F66F0041F949 = {
						CreatedOnToolsVersion = 6.4;
						DevelopmentTeam = P5FUN8DH8K;
						TestTargetID = D926857F1B66F66F0041F949;
					};
				};
			};
			buildConfigurationList = D926857B1B66F66F0041F949 /* Build configuration list for PBXProject "Calendario de Audiencias INDERT" */;
			compatibilityVersion = "Xcode 3.2";
			developmentRegion = English;
			hasScannedForEncodings = 0;
			knownRegions = (
				en,
				Base,
			);
			mainGroup = D92685771B66F66F0041F949;
			productRefGroup = D92685811B66F66F0041F949 /* Products */;
			projectDirPath = "";
			projectRoot = "";
			targets = (
				D926857F1B66F66F0041F949 /* Calendario de Audiencias INDERT */,
				D92685971B66F66F0041F949 /* Calendario de Audiencias INDERTTests */,
			);
		};
/* End PBXProject section */

/* Begin PBXResourcesBuildPhase section */
		D926857E1B66F66F0041F949 /* Resources */ = {
			isa = PBXResourcesBuildPhase;
			buildActionMask = 2147483647;
			files = (
				D926858E1B66F66F0041F949 /* Main.storyboard in Resources */,
				D93CE5221B701E9D007E4A86 /* Images.xcassets in Resources */,
				D92685931B66F66F0041F949 /* LaunchScreen.xib in Resources */,
				D9A118191B67026800AEBE3F /* Podfile in Resources */,
			);
			runOnlyForDeploymentPostprocessing = 0;
		};
		D92685961B66F66F0041F949 /* Resources */ = {
			isa = PBXResourcesBuildPhase;
			buildActionMask = 2147483647;
			files = (
			);
			runOnlyForDeploymentPostprocessing = 0;
		};
/* End PBXResourcesBuildPhase section */

/* Begin PBXShellScriptBuildPhase section */
		11571003F8084606ECC469A6 /* Copy Pods Resources */ = {
			isa = PBXShellScriptBuildPhase;
			buildActionMask = 2147483647;
			files = (
			);
			inputPaths = (
			);
			name = "Copy Pods Resources";
			outputPaths = (
			);
			runOnlyForDeploymentPostprocessing = 0;
			shellPath = /bin/sh;
			shellScript = "\"${SRCROOT}/Calendario de Audiencias INDERT/Pods/Target Support Files/Pods/Pods-resources.sh\"\n";
			showEnvVarsInLog = 0;
		};
		302736085F43391512A861B2 /* Check Pods Manifest.lock */ = {
			isa = PBXShellScriptBuildPhase;
			buildActionMask = 2147483647;
			files = (
			);
			inputPaths = (
			);
			name = "Check Pods Manifest.lock";
			outputPaths = (
			);
			runOnlyForDeploymentPostprocessing = 0;
			shellPath = /bin/sh;
			shellScript = "diff \"${PODS_ROOT}/../Podfile.lock\" \"${PODS_ROOT}/Manifest.lock\" > /dev/null\nif [[ $? != 0 ]] ; then\n    cat << EOM\nerror: The sandbox is not in sync with the Podfile.lock. Run 'pod install' or update your CocoaPods installation.\nEOM\n    exit 1\nfi\n";
			showEnvVarsInLog = 0;
		};
		8B997DF72079A4E901E15182 /* Embed Pods Frameworks */ = {
			isa = PBXShellScriptBuildPhase;
			buildActionMask = 2147483647;
			files = (
			);
			inputPaths = (
			);
			name = "Embed Pods Frameworks";
			outputPaths = (
			);
			runOnlyForDeploymentPostprocessing = 0;
			shellPath = /bin/sh;
			shellScript = "\"${SRCROOT}/Calendario de Audiencias INDERT/Pods/Target Support Files/Pods/Pods-frameworks.sh\"\n";
			showEnvVarsInLog = 0;
		};
/* End PBXShellScriptBuildPhase section */

/* Begin PBXSourcesBuildPhase section */
		D926857C1B66F66F0041F949 /* Sources */ = {
			isa = PBXSourcesBuildPhase;
			buildActionMask = 2147483647;
			files = (
				D97F264C1B682D5B00BC8DEE /* Alamofire-SwiftyJSON.swift in Sources */,
				D99DBB7F1B681AA000CA8BF3 /* VerAudienciaViewController.swift in Sources */,
				D9A1180A1B66F95400AEBE3F /* LoginViewController.swift in Sources */,
				D9A118171B67021F00AEBE3F /* AudienciasTableViewCell.swift in Sources */,
				D92685891B66F66F0041F949 /* Calendario_de_Audiencias_INDERT.xcdatamodeld in Sources */,
				D9A1181E1B67125100AEBE3F /* RecuperarPassViewController.swift in Sources */,
				D90288B01B6BB3D9001768E3 /* DynamicBlurView.swift in Sources */,
				D9A118111B66FAC400AEBE3F /* PerfilViewController.swift in Sources */,
				D92685861B66F66F0041F949 /* AppDelegate.swift in Sources */,
				D99DBB761B67AB3100CA8BF3 /* NuevaAudienciaViewController.swift in Sources */,
				D99DBB821B681E7600CA8BF3 /* TTApi.swift in Sources */,
				D99DBB7D1B67BEB900CA8BF3 /* TTAudiencias.swift in Sources */,
				D9A118141B66FAE200AEBE3F /* MainViewController.swift in Sources */,
				D99DBB781B67B68700CA8BF3 /* TTAudiencia.swift in Sources */,
				D90127CB1B7101420008C085 /* NuevaAudienciaTableViewController.swift in Sources */,
				D90127C81B70E6C30008C085 /* TTUser.swift in Sources */,
				D99DBB7B1B67B78700CA8BF3 /* TTExtensions.swift in Sources */,
			);
			runOnlyForDeploymentPostprocessing = 0;
		};
		D92685941B66F66F0041F949 /* Sources */ = {
			isa = PBXSourcesBuildPhase;
			buildActionMask = 2147483647;
			files = (
				D926859F1B66F66F0041F949 /* Calendario_de_Audiencias_INDERTTests.swift in Sources */,
			);
			runOnlyForDeploymentPostprocessing = 0;
		};
/* End PBXSourcesBuildPhase section */

/* Begin PBXTargetDependency section */
		D926859A1B66F66F0041F949 /* PBXTargetDependency */ = {
			isa = PBXTargetDependency;
			target = D926857F1B66F66F0041F949 /* Calendario de Audiencias INDERT */;
			targetProxy = D92685991B66F66F0041F949 /* PBXContainerItemProxy */;
		};
/* End PBXTargetDependency section */

/* Begin PBXVariantGroup section */
		D926858C1B66F66F0041F949 /* Main.storyboard */ = {
			isa = PBXVariantGroup;
			children = (
				D926858D1B66F66F0041F949 /* Base */,
			);
			name = Main.storyboard;
			sourceTree = "<group>";
		};
		D92685911B66F66F0041F949 /* LaunchScreen.xib */ = {
			isa = PBXVariantGroup;
			children = (
				D92685921B66F66F0041F949 /* Base */,
			);
			name = LaunchScreen.xib;
			sourceTree = "<group>";
		};
/* End PBXVariantGroup section */

/* Begin XCBuildConfiguration section */
		D92685A01B66F66F0041F949 /* Debug */ = {
			isa = XCBuildConfiguration;
			buildSettings = {
				ALWAYS_SEARCH_USER_PATHS = NO;
				CLANG_CXX_LANGUAGE_STANDARD = "gnu++0x";
				CLANG_CXX_LIBRARY = "libc++";
				CLANG_ENABLE_MODULES = YES;
				CLANG_ENABLE_OBJC_ARC = YES;
				CLANG_WARN_BOOL_CONVERSION = YES;
				CLANG_WARN_CONSTANT_CONVERSION = YES;
				CLANG_WARN_DIRECT_OBJC_ISA_USAGE = YES_ERROR;
				CLANG_WARN_EMPTY_BODY = YES;
				CLANG_WARN_ENUM_CONVERSION = YES;
				CLANG_WARN_INT_CONVERSION = YES;
				CLANG_WARN_OBJC_ROOT_CLASS = YES_ERROR;
				CLANG_WARN_UNREACHABLE_CODE = YES;
				CLANG_WARN__DUPLICATE_METHOD_MATCH = YES;
				CODE_SIGN_IDENTITY = "iPhone Distribution: Eduardo Rivarola (P5FUN8DH8K)";
				"CODE_SIGN_IDENTITY[sdk=iphoneos*]" = "iPhone Distribution: Eduardo Rivarola (P5FUN8DH8K)";
				COPY_PHASE_STRIP = NO;
				DEBUG_INFORMATION_FORMAT = "dwarf-with-dsym";
				ENABLE_STRICT_OBJC_MSGSEND = YES;
				GCC_C_LANGUAGE_STANDARD = gnu99;
				GCC_DYNAMIC_NO_PIC = NO;
				GCC_NO_COMMON_BLOCKS = YES;
				GCC_OPTIMIZATION_LEVEL = 0;
				GCC_PREPROCESSOR_DEFINITIONS = (
					"DEBUG=1",
					"$(inherited)",
				);
				GCC_SYMBOLS_PRIVATE_EXTERN = NO;
				GCC_WARN_64_TO_32_BIT_CONVERSION = YES;
				GCC_WARN_ABOUT_RETURN_TYPE = YES_ERROR;
				GCC_WARN_UNDECLARED_SELECTOR = YES;
				GCC_WARN_UNINITIALIZED_AUTOS = YES_AGGRESSIVE;
				GCC_WARN_UNUSED_FUNCTION = YES;
				GCC_WARN_UNUSED_VARIABLE = YES;
				IPHONEOS_DEPLOYMENT_TARGET = 8.4;
				MTL_ENABLE_DEBUG_INFO = YES;
				ONLY_ACTIVE_ARCH = YES;
				PROVISIONING_PROFILE = "117fc35d-b4c7-4165-b97b-3aba4d2623a0";
				SDKROOT = iphoneos8.4;
				SWIFT_OPTIMIZATION_LEVEL = "-Onone";
				TARGETED_DEVICE_FAMILY = "1,2";
			};
			name = Debug;
		};
		D92685A11B66F66F0041F949 /* Release */ = {
			isa = XCBuildConfiguration;
			buildSettings = {
				ALWAYS_SEARCH_USER_PATHS = NO;
				CLANG_CXX_LANGUAGE_STANDARD = "gnu++0x";
				CLANG_CXX_LIBRARY = "libc++";
				CLANG_ENABLE_MODULES = YES;
				CLANG_ENABLE_OBJC_ARC = YES;
				CLANG_WARN_BOOL_CONVERSION = YES;
				CLANG_WARN_CONSTANT_CONVERSION = YES;
				CLANG_WARN_DIRECT_OBJC_ISA_USAGE = YES_ERROR;
				CLANG_WARN_EMPTY_BODY = YES;
				CLANG_WARN_ENUM_CONVERSION = YES;
				CLANG_WARN_INT_CONVERSION = YES;
				CLANG_WARN_OBJC_ROOT_CLASS = YES_ERROR;
				CLANG_WARN_UNREACHABLE_CODE = YES;
				CLANG_WARN__DUPLICATE_METHOD_MATCH = YES;
				CODE_SIGN_IDENTITY = "iPhone Distribution: Eduardo Rivarola (P5FUN8DH8K)";
				"CODE_SIGN_IDENTITY[sdk=iphoneos*]" = "iPhone Distribution: Eduardo Rivarola (P5FUN8DH8K)";
				COPY_PHASE_STRIP = NO;
				DEBUG_INFORMATION_FORMAT = "dwarf-with-dsym";
				ENABLE_NS_ASSERTIONS = NO;
				ENABLE_STRICT_OBJC_MSGSEND = YES;
				GCC_C_LANGUAGE_STANDARD = gnu99;
				GCC_NO_COMMON_BLOCKS = YES;
				GCC_WARN_64_TO_32_BIT_CONVERSION = YES;
				GCC_WARN_ABOUT_RETURN_TYPE = YES_ERROR;
				GCC_WARN_UNDECLARED_SELECTOR = YES;
				GCC_WARN_UNINITIALIZED_AUTOS = YES_AGGRESSIVE;
				GCC_WARN_UNUSED_FUNCTION = YES;
				GCC_WARN_UNUSED_VARIABLE = YES;
				IPHONEOS_DEPLOYMENT_TARGET = 8.4;
				MTL_ENABLE_DEBUG_INFO = NO;
				PROVISIONING_PROFILE = "117fc35d-b4c7-4165-b97b-3aba4d2623a0";
				SDKROOT = iphoneos8.4;
				TARGETED_DEVICE_FAMILY = "1,2";
				VALIDATE_PRODUCT = YES;
			};
			name = Release;
		};
		D92685A31B66F66F0041F949 /* Debug */ = {
			isa = XCBuildConfiguration;
			baseConfigurationReference = 5FA5A3AD867B6E7F0F5B3815 /* Pods.debug.xcconfig */;
			buildSettings = {
				ASSETCATALOG_COMPILER_APPICON_NAME = AppIcon;
				CODE_SIGN_IDENTITY = "iPhone Distribution: Eduardo Rivarola (P5FUN8DH8K)";
				"CODE_SIGN_IDENTITY[sdk=iphoneos*]" = "iPhone Distribution: Eduardo Rivarola (P5FUN8DH8K)";
				INFOPLIST_FILE = "Calendario de Audiencias INDERT/Info.plist";
				IPHONEOS_DEPLOYMENT_TARGET = 8.0;
				LD_RUNPATH_SEARCH_PATHS = "$(inherited) @executable_path/Frameworks";
				PRODUCT_NAME = "$(TARGET_NAME)";
				PROVISIONING_PROFILE = "117fc35d-b4c7-4165-b97b-3aba4d2623a0";
				SDKROOT = iphoneos;
				TARGETED_DEVICE_FAMILY = 1;
			};
			name = Debug;
		};
		D92685A41B66F66F0041F949 /* Release */ = {
			isa = XCBuildConfiguration;
			baseConfigurationReference = 14F16E17375A9776961C9292 /* Pods.release.xcconfig */;
			buildSettings = {
				ASSETCATALOG_COMPILER_APPICON_NAME = AppIcon;
				CODE_SIGN_IDENTITY = "iPhone Distribution: Eduardo Rivarola (P5FUN8DH8K)";
				"CODE_SIGN_IDENTITY[sdk=iphoneos*]" = "iPhone Distribution: Eduardo Rivarola (P5FUN8DH8K)";
				INFOPLIST_FILE = "Calendario de Audiencias INDERT/Info.plist";
				IPHONEOS_DEPLOYMENT_TARGET = 8.0;
				LD_RUNPATH_SEARCH_PATHS = "$(inherited) @executable_path/Frameworks";
				PRODUCT_NAME = "$(TARGET_NAME)";
				PROVISIONING_PROFILE = "117fc35d-b4c7-4165-b97b-3aba4d2623a0";
				SDKROOT = iphoneos;
				TARGETED_DEVICE_FAMILY = 1;
			};
			name = Release;
		};
		D92685A61B66F66F0041F949 /* Debug */ = {
			isa = XCBuildConfiguration;
			buildSettings = {
				BUNDLE_LOADER = "$(TEST_HOST)";
				CODE_SIGN_IDENTITY = "iPhone Developer";
				"CODE_SIGN_IDENTITY[sdk=iphoneos*]" = "iPhone Developer";
				FRAMEWORK_SEARCH_PATHS = (
					"$(SDKROOT)/Developer/Library/Frameworks",
					"$(inherited)",
				);
				GCC_PREPROCESSOR_DEFINITIONS = (
					"DEBUG=1",
					"$(inherited)",
				);
				INFOPLIST_FILE = "Calendario de Audiencias INDERTTests/Info.plist";
				IPHONEOS_DEPLOYMENT_TARGET = 7.0;
				LD_RUNPATH_SEARCH_PATHS = "$(inherited) @executable_path/Frameworks @loader_path/Frameworks";
				PRODUCT_NAME = "$(TARGET_NAME)";
				PROVISIONING_PROFILE = "";
				TEST_HOST = "$(BUILT_PRODUCTS_DIR)/Calendario de Audiencias INDERT.app/Calendario de Audiencias INDERT";
			};
			name = Debug;
		};
		D92685A71B66F66F0041F949 /* Release */ = {
			isa = XCBuildConfiguration;
			buildSettings = {
				BUNDLE_LOADER = "$(TEST_HOST)";
				CODE_SIGN_IDENTITY = "iPhone Developer";
				"CODE_SIGN_IDENTITY[sdk=iphoneos*]" = "iPhone Developer";
				FRAMEWORK_SEARCH_PATHS = (
					"$(SDKROOT)/Developer/Library/Frameworks",
					"$(inherited)",
				);
				INFOPLIST_FILE = "Calendario de Audiencias INDERTTests/Info.plist";
				IPHONEOS_DEPLOYMENT_TARGET = 7.0;
				LD_RUNPATH_SEARCH_PATHS = "$(inherited) @executable_path/Frameworks @loader_path/Frameworks";
				PRODUCT_NAME = "$(TARGET_NAME)";
				PROVISIONING_PROFILE = "";
				TEST_HOST = "$(BUILT_PRODUCTS_DIR)/Calendario de Audiencias INDERT.app/Calendario de Audiencias INDERT";
			};
			name = Release;
		};
		D96572F11B717373001D1E54 /* Distribution */ = {
			isa = XCBuildConfiguration;
			buildSettings = {
				ALWAYS_SEARCH_USER_PATHS = NO;
				CLANG_CXX_LANGUAGE_STANDARD = "gnu++0x";
				CLANG_CXX_LIBRARY = "libc++";
				CLANG_ENABLE_MODULES = YES;
				CLANG_ENABLE_OBJC_ARC = YES;
				CLANG_WARN_BOOL_CONVERSION = YES;
				CLANG_WARN_CONSTANT_CONVERSION = YES;
				CLANG_WARN_DIRECT_OBJC_ISA_USAGE = YES_ERROR;
				CLANG_WARN_EMPTY_BODY = YES;
				CLANG_WARN_ENUM_CONVERSION = YES;
				CLANG_WARN_INT_CONVERSION = YES;
				CLANG_WARN_OBJC_ROOT_CLASS = YES_ERROR;
				CLANG_WARN_UNREACHABLE_CODE = YES;
				CLANG_WARN__DUPLICATE_METHOD_MATCH = YES;
				CODE_SIGN_IDENTITY = "iPhone Distribution: Eduardo Rivarola (P5FUN8DH8K)";
				"CODE_SIGN_IDENTITY[sdk=iphoneos*]" = "iPhone Distribution: Eduardo Rivarola (P5FUN8DH8K)";
				COPY_PHASE_STRIP = NO;
				DEBUG_INFORMATION_FORMAT = "dwarf-with-dsym";
				ENABLE_NS_ASSERTIONS = NO;
				ENABLE_STRICT_OBJC_MSGSEND = YES;
				GCC_C_LANGUAGE_STANDARD = gnu99;
				GCC_NO_COMMON_BLOCKS = YES;
				GCC_WARN_64_TO_32_BIT_CONVERSION = YES;
				GCC_WARN_ABOUT_RETURN_TYPE = YES_ERROR;
				GCC_WARN_UNDECLARED_SELECTOR = YES;
				GCC_WARN_UNINITIALIZED_AUTOS = YES_AGGRESSIVE;
				GCC_WARN_UNUSED_FUNCTION = YES;
				GCC_WARN_UNUSED_VARIABLE = YES;
				IPHONEOS_DEPLOYMENT_TARGET = 8.4;
				MTL_ENABLE_DEBUG_INFO = NO;
				PROVISIONING_PROFILE = "117fc35d-b4c7-4165-b97b-3aba4d2623a0";
				SDKROOT = iphoneos8.4;
				TARGETED_DEVICE_FAMILY = "1,2";
				VALIDATE_PRODUCT = YES;
			};
			name = Distribution;
		};
		D96572F21B717373001D1E54 /* Distribution */ = {
			isa = XCBuildConfiguration;
			baseConfigurationReference = 14F16E17375A9776961C9292 /* Pods.release.xcconfig */;
			buildSettings = {
				ASSETCATALOG_COMPILER_APPICON_NAME = AppIcon;
				CODE_SIGN_IDENTITY = "iPhone Distribution: Eduardo Rivarola (P5FUN8DH8K)";
				"CODE_SIGN_IDENTITY[sdk=iphoneos*]" = "iPhone Distribution: Eduardo Rivarola (P5FUN8DH8K)";
				INFOPLIST_FILE = "Calendario de Audiencias INDERT/Info.plist";
				IPHONEOS_DEPLOYMENT_TARGET = 8.0;
				LD_RUNPATH_SEARCH_PATHS = "$(inherited) @executable_path/Frameworks";
				PRODUCT_NAME = "$(TARGET_NAME)";
				PROVISIONING_PROFILE = "117fc35d-b4c7-4165-b97b-3aba4d2623a0";
				SDKROOT = iphoneos;
				TARGETED_DEVICE_FAMILY = 1;
			};
			name = Distribution;
		};
		D96572F31B717373001D1E54 /* Distribution */ = {
			isa = XCBuildConfiguration;
			buildSettings = {
				BUNDLE_LOADER = "$(TEST_HOST)";
				CODE_SIGN_IDENTITY = "iPhone Developer";
				"CODE_SIGN_IDENTITY[sdk=iphoneos*]" = "iPhone Developer";
				FRAMEWORK_SEARCH_PATHS = (
					"$(SDKROOT)/Developer/Library/Frameworks",
					"$(inherited)",
				);
				INFOPLIST_FILE = "Calendario de Audiencias INDERTTests/Info.plist";
				IPHONEOS_DEPLOYMENT_TARGET = 7.0;
				LD_RUNPATH_SEARCH_PATHS = "$(inherited) @executable_path/Frameworks @loader_path/Frameworks";
				PRODUCT_NAME = "$(TARGET_NAME)";
				PROVISIONING_PROFILE = "";
				TEST_HOST = "$(BUILT_PRODUCTS_DIR)/Calendario de Audiencias INDERT.app/Calendario de Audiencias INDERT";
			};
			name = Distribution;
		};
/* End XCBuildConfiguration section */

/* Begin XCConfigurationList section */
		D926857B1B66F66F0041F949 /* Build configuration list for PBXProject "Calendario de Audiencias INDERT" */ = {
			isa = XCConfigurationList;
			buildConfigurations = (
				D92685A01B66F66F0041F949 /* Debug */,
				D92685A11B66F66F0041F949 /* Release */,
				D96572F11B717373001D1E54 /* Distribution */,
			);
			defaultConfigurationIsVisible = 0;
			defaultConfigurationName = Release;
		};
		D92685A21B66F66F0041F949 /* Build configuration list for PBXNativeTarget "Calendario de Audiencias INDERT" */ = {
			isa = XCConfigurationList;
			buildConfigurations = (
				D92685A31B66F66F0041F949 /* Debug */,
				D92685A41B66F66F0041F949 /* Release */,
				D96572F21B717373001D1E54 /* Distribution */,
			);
			defaultConfigurationIsVisible = 0;
			defaultConfigurationName = Release;
		};
		D92685A51B66F66F0041F949 /* Build configuration list for PBXNativeTarget "Calendario de Audiencias INDERTTests" */ = {
			isa = XCConfigurationList;
			buildConfigurations = (
				D92685A61B66F66F0041F949 /* Debug */,
				D92685A71B66F66F0041F949 /* Release */,
				D96572F31B717373001D1E54 /* Distribution */,
			);
			defaultConfigurationIsVisible = 0;
			defaultConfigurationName = Release;
		};
/* End XCConfigurationList section */

/* Begin XCVersionGroup section */
		D92685871B66F66F0041F949 /* Calendario_de_Audiencias_INDERT.xcdatamodeld */ = {
			isa = XCVersionGroup;
			children = (
				D92685881B66F66F0041F949 /* Calendario_de_Audiencias_INDERT.xcdatamodel */,
			);
			currentVersion = D92685881B66F66F0041F949 /* Calendario_de_Audiencias_INDERT.xcdatamodel */;
			path = Calendario_de_Audiencias_INDERT.xcdatamodeld;
			sourceTree = "<group>";
			versionGroupType = wrapper.xcdatamodel;
		};
/* End XCVersionGroup section */
	};
	rootObject = D92685781B66F66F0041F949 /* Project object */;
}
